
Microsoft Visual Studio Solution File, Format Version 12.00
# Visual Studio Version 16
VisualStudioVersion = 16.0.30611.23
MinimumVisualStudioVersion = 10.0.40219.1
Project("{FAE04EC0-301F-11D3-BF4B-00C04F79EFBC}") = "NNLibrary", "NNLibrary\NNLibrary.csproj", "{98830DCF-6DCB-4BB6-BFB3-6D0F144EB172}"
EndProject
Global
	GlobalSection(SolutionConfigurationPlatforms) = preSolution
		Debug|Any CPU = Debug|Any CPU
		Release|Any CPU = Release|Any CPU
	EndGlobalSection
	GlobalSection(ProjectConfigurationPlatforms) = postSolution
		{98830DCF-6DCB-4BB6-BFB3-6D0F144EB172}.Debug|Any CPU.ActiveCfg = Debug|Any CPU
		{98830DCF-6DCB-4BB6-BFB3-6D0F144EB172}.Debug|Any CPU.Build.0 = Debug|Any CPU
		{98830DCF-6DCB-4BB6-BFB3-6D0F144EB172}.Release|Any CPU.ActiveCfg = Release|Any CPU
		{98830DCF-6DCB-4BB6-BFB3-6D0F144EB172}.Release|Any CPU.Build.0 = Release|Any CPU
	EndGlobalSection
	GlobalSection(SolutionProperties) = preSolution
		HideSolutionNode = FALSE
	EndGlobalSection
	GlobalSection(ExtensibilityGlobals) = postSolution
		SolutionGuid = {636A4B0E-E7C0-4604-921D-ECEBA3A7DF1D}
	EndGlobalSection
EndGlobal
