
Microsoft Visual Studio Solution File, Format Version 12.00
# Visual Studio Version 16
VisualStudioVersion = 16.0.29709.97
MinimumVisualStudioVersion = 10.0.40219.1
Project("{FAE04EC0-301F-11D3-BF4B-00C04F79EFBC}") = "CommandsLibrary", "CommandsLibrary\CommandsLibrary.csproj", "{D2F9B79A-9D1B-494D-B3FB-A205F9C574C1}"
EndProject
Global
	GlobalSection(SolutionConfigurationPlatforms) = preSolution
		Debug|Any CPU = Debug|Any CPU
		Release|Any CPU = Release|Any CPU
	EndGlobalSection
	GlobalSection(ProjectConfigurationPlatforms) = postSolution
		{D2F9B79A-9D1B-494D-B3FB-A205F9C574C1}.Debug|Any CPU.ActiveCfg = Debug|Any CPU
		{D2F9B79A-9D1B-494D-B3FB-A205F9C574C1}.Debug|Any CPU.Build.0 = Debug|Any CPU
		{D2F9B79A-9D1B-494D-B3FB-A205F9C574C1}.Release|Any CPU.ActiveCfg = Release|Any CPU
		{D2F9B79A-9D1B-494D-B3FB-A205F9C574C1}.Release|Any CPU.Build.0 = Release|Any CPU
	EndGlobalSection
	GlobalSection(SolutionProperties) = preSolution
		HideSolutionNode = FALSE
	EndGlobalSection
	GlobalSection(ExtensibilityGlobals) = postSolution
		SolutionGuid = {B67E7B88-F222-4E88-B3AF-3BC0C75B6B2E}
	EndGlobalSection
EndGlobal
